
Microsoft Visual Studio Solution File, Format Version 12.00
# Visual Studio 15
VisualStudioVersion = 15.0.27703.1
MinimumVisualStudioVersion = 10.0.40219.1
Project("{FAE04EC0-301F-11D3-BF4B-00C04F79EFBC}") = "CsharpFundamentals", "CsharpFundamentals\CsharpFundamentals.csproj", "{473D5B86-4D4B-4210-A27F-B9ACFF9F6B11}"
EndProject
Global
	GlobalSection(SolutionConfigurationPlatforms) = preSolution
		Debug|Any CPU = Debug|Any CPU
		Release|Any CPU = Release|Any CPU
	EndGlobalSection
	GlobalSection(ProjectConfigurationPlatforms) = postSolution
		{473D5B86-4D4B-4210-A27F-B9ACFF9F6B11}.Debug|Any CPU.ActiveCfg = Debug|Any CPU
		{473D5B86-4D4B-4210-A27F-B9ACFF9F6B11}.Debug|Any CPU.Build.0 = Debug|Any CPU
		{473D5B86-4D4B-4210-A27F-B9ACFF9F6B11}.Release|Any CPU.ActiveCfg = Release|Any CPU
		{473D5B86-4D4B-4210-A27F-B9ACFF9F6B11}.Release|Any CPU.Build.0 = Release|Any CPU
	EndGlobalSection
	GlobalSection(SolutionProperties) = preSolution
		HideSolutionNode = FALSE
	EndGlobalSection
	GlobalSection(ExtensibilityGlobals) = postSolution
		SolutionGuid = {8F866AEE-89A3-4386-98FB-EA72B0DF4052}
	EndGlobalSection
EndGlobal
